
Microsoft Visual Studio Solution File, Format Version 12.00
# Visual Studio Version 17
VisualStudioVersion = 17.0.31903.59
MinimumVisualStudioVersion = 10.0.40219.1
Project("{2150E333-8FDC-42A3-9474-1A3956D46DE8}") = "src", "src", "{827E0CD3-B72D-47B6-A68D-7590B98EB39B}"
EndProject
Project("{FAE04EC0-301F-11D3-BF4B-00C04F79EFBC}") = "Babelserver.DotNet.TestLogger", "src\Babelserver.DotNet.TestLogger\Babelserver.DotNet.TestLogger.csproj", "{13A02E39-4349-4A08-A7A3-87959A1CFC4C}"
EndProject
Project("{FAE04EC0-301F-11D3-BF4B-00C04F79EFBC}") = "Babelserver.DotNet.TestAdapter.xUnit", "src\Babelserver.DotNet.TestAdapter.xUnit\Babelserver.DotNet.TestAdapter.xUnit.csproj", "{EE3784A9-036D-4B6A-A6DB-7F695E66DA0B}"
EndProject
Project("{2150E333-8FDC-42A3-9474-1A3956D46DE8}") = "test", "test", "{0C88DD14-F956-CE84-757C-A364CCF449FC}"
EndProject
Project("{FAE04EC0-301F-11D3-BF4B-00C04F79EFBC}") = "Babelserver.DotNet.TestLogger.Tests", "test\Babelserver.DotNet.TestLogger.Tests\Babelserver.DotNet.TestLogger.Tests.csproj", "{7DC19E66-8C1E-48B2-A972-98140620FAEA}"
EndProject
Global
	GlobalSection(SolutionConfigurationPlatforms) = preSolution
		Debug|Any CPU = Debug|Any CPU
		Debug|x64 = Debug|x64
		Debug|x86 = Debug|x86
		Release|Any CPU = Release|Any CPU
		Release|x64 = Release|x64
		Release|x86 = Release|x86
	EndGlobalSection
	GlobalSection(ProjectConfigurationPlatforms) = postSolution
		{13A02E39-4349-4A08-A7A3-87959A1CFC4C}.Debug|Any CPU.ActiveCfg = Debug|Any CPU
		{13A02E39-4349-4A08-A7A3-87959A1CFC4C}.Debug|Any CPU.Build.0 = Debug|Any CPU
		{13A02E39-4349-4A08-A7A3-87959A1CFC4C}.Debug|x64.ActiveCfg = Debug|Any CPU
		{13A02E39-4349-4A08-A7A3-87959A1CFC4C}.Debug|x64.Build.0 = Debug|Any CPU
		{13A02E39-4349-4A08-A7A3-87959A1CFC4C}.Debug|x86.ActiveCfg = Debug|Any CPU
		{13A02E39-4349-4A08-A7A3-87959A1CFC4C}.Debug|x86.Build.0 = Debug|Any CPU
		{13A02E39-4349-4A08-A7A3-87959A1CFC4C}.Release|Any CPU.ActiveCfg = Release|Any CPU
		{13A02E39-4349-4A08-A7A3-87959A1CFC4C}.Release|Any CPU.Build.0 = Release|Any CPU
		{13A02E39-4349-4A08-A7A3-87959A1CFC4C}.Release|x64.ActiveCfg = Release|Any CPU
		{13A02E39-4349-4A08-A7A3-87959A1CFC4C}.Release|x64.Build.0 = Release|Any CPU
		{13A02E39-4349-4A08-A7A3-87959A1CFC4C}.Release|x86.ActiveCfg = Release|Any CPU
		{13A02E39-4349-4A08-A7A3-87959A1CFC4C}.Release|x86.Build.0 = Release|Any CPU
		{EE3784A9-036D-4B6A-A6DB-7F695E66DA0B}.Debug|Any CPU.ActiveCfg = Debug|Any CPU
		{EE3784A9-036D-4B6A-A6DB-7F695E66DA0B}.Debug|Any CPU.Build.0 = Debug|Any CPU
		{EE3784A9-036D-4B6A-A6DB-7F695E66DA0B}.Debug|x64.ActiveCfg = Debug|Any CPU
		{EE3784A9-036D-4B6A-A6DB-7F695E66DA0B}.Debug|x64.Build.0 = Debug|Any CPU
		{EE3784A9-036D-4B6A-A6DB-7F695E66DA0B}.Debug|x86.ActiveCfg = Debug|Any CPU
		{EE3784A9-036D-4B6A-A6DB-7F695E66DA0B}.Debug|x86.Build.0 = Debug|Any CPU
		{EE3784A9-036D-4B6A-A6DB-7F695E66DA0B}.Release|Any CPU.ActiveCfg = Release|Any CPU
		{EE3784A9-036D-4B6A-A6DB-7F695E66DA0B}.Release|Any CPU.Build.0 = Release|Any CPU
		{EE3784A9-036D-4B6A-A6DB-7F695E66DA0B}.Release|x64.ActiveCfg = Release|Any CPU
		{EE3784A9-036D-4B6A-A6DB-7F695E66DA0B}.Release|x64.Build.0 = Release|Any CPU
		{EE3784A9-036D-4B6A-A6DB-7F695E66DA0B}.Release|x86.ActiveCfg = Release|Any CPU
		{EE3784A9-036D-4B6A-A6DB-7F695E66DA0B}.Release|x86.Build.0 = Release|Any CPU
		{7DC19E66-8C1E-48B2-A972-98140620FAEA}.Debug|Any CPU.ActiveCfg = Debug|Any CPU
		{7DC19E66-8C1E-48B2-A972-98140620FAEA}.Debug|Any CPU.Build.0 = Debug|Any CPU
		{7DC19E66-8C1E-48B2-A972-98140620FAEA}.Debug|x64.ActiveCfg = Debug|Any CPU
		{7DC19E66-8C1E-48B2-A972-98140620FAEA}.Debug|x64.Build.0 = Debug|Any CPU
		{7DC19E66-8C1E-48B2-A972-98140620FAEA}.Debug|x86.ActiveCfg = Debug|Any CPU
		{7DC19E66-8C1E-48B2-A972-98140620FAEA}.Debug|x86.Build.0 = Debug|Any CPU
		{7DC19E66-8C1E-48B2-A972-98140620FAEA}.Release|Any CPU.ActiveCfg = Release|Any CPU
		{7DC19E66-8C1E-48B2-A972-98140620FAEA}.Release|Any CPU.Build.0 = Release|Any CPU
		{7DC19E66-8C1E-48B2-A972-98140620FAEA}.Release|x64.ActiveCfg = Release|Any CPU
		{7DC19E66-8C1E-48B2-A972-98140620FAEA}.Release|x64.Build.0 = Release|Any CPU
		{7DC19E66-8C1E-48B2-A972-98140620FAEA}.Release|x86.ActiveCfg = Release|Any CPU
		{7DC19E66-8C1E-48B2-A972-98140620FAEA}.Release|x86.Build.0 = Release|Any CPU
	EndGlobalSection
	GlobalSection(SolutionProperties) = preSolution
		HideSolutionNode = FALSE
	EndGlobalSection
	GlobalSection(NestedProjects) = preSolution
		{13A02E39-4349-4A08-A7A3-87959A1CFC4C} = {827E0CD3-B72D-47B6-A68D-7590B98EB39B}
		{EE3784A9-036D-4B6A-A6DB-7F695E66DA0B} = {827E0CD3-B72D-47B6-A68D-7590B98EB39B}
		{7DC19E66-8C1E-48B2-A972-98140620FAEA} = {0C88DD14-F956-CE84-757C-A364CCF449FC}
	EndGlobalSection
EndGlobal
